
Microsoft Visual Studio Solution File, Format Version 11.00
# Visual Studio 2010
Project("{8BC9CEB8-8B4A-11D0-8D11-00A0C91BC942}") = "mergeBathy", "mergeBathy\mergeBathy.vcxproj", "{DE7F8A54-6A45-4151-B894-B5D3A16C7B2B}"
EndProject
Global
	GlobalSection(SolutionConfigurationPlatforms) = preSolution
		Debug|Any CPU = Debug|Any CPU
		Debug|Mixed Platforms = Debug|Mixed Platforms
		Debug|Win32 = Debug|Win32
		Debug|x64 = Debug|x64
		Release|Any CPU = Release|Any CPU
		Release|Mixed Platforms = Release|Mixed Platforms
		Release|Win32 = Release|Win32
		Release|x64 = Release|x64
	EndGlobalSection
	GlobalSection(ProjectConfigurationPlatforms) = postSolution
		{DE7F8A54-6A45-4151-B894-B5D3A16C7B2B}.Debug|Any CPU.ActiveCfg = Debug|x64
		{DE7F8A54-6A45-4151-B894-B5D3A16C7B2B}.Debug|Any CPU.Build.0 = Debug|x64
		{DE7F8A54-6A45-4151-B894-B5D3A16C7B2B}.Debug|Mixed Platforms.ActiveCfg = Debug|x64
		{DE7F8A54-6A45-4151-B894-B5D3A16C7B2B}.Debug|Mixed Platforms.Build.0 = Debug|x64
		{DE7F8A54-6A45-4151-B894-B5D3A16C7B2B}.Debug|Win32.ActiveCfg = Debug|Win32
		{DE7F8A54-6A45-4151-B894-B5D3A16C7B2B}.Debug|Win32.Build.0 = Debug|Win32
		{DE7F8A54-6A45-4151-B894-B5D3A16C7B2B}.Debug|x64.ActiveCfg = Debug|x64
		{DE7F8A54-6A45-4151-B894-B5D3A16C7B2B}.Debug|x64.Build.0 = Debug|x64
		{DE7F8A54-6A45-4151-B894-B5D3A16C7B2B}.Release|Any CPU.ActiveCfg = Release|x64
		{DE7F8A54-6A45-4151-B894-B5D3A16C7B2B}.Release|Any CPU.Build.0 = Release|x64
		{DE7F8A54-6A45-4151-B894-B5D3A16C7B2B}.Release|Mixed Platforms.ActiveCfg = Release|x64
		{DE7F8A54-6A45-4151-B894-B5D3A16C7B2B}.Release|Mixed Platforms.Build.0 = Release|x64
		{DE7F8A54-6A45-4151-B894-B5D3A16C7B2B}.Release|Win32.ActiveCfg = Release|Win32
		{DE7F8A54-6A45-4151-B894-B5D3A16C7B2B}.Release|Win32.Build.0 = Release|Win32
		{DE7F8A54-6A45-4151-B894-B5D3A16C7B2B}.Release|x64.ActiveCfg = Release|x64
		{DE7F8A54-6A45-4151-B894-B5D3A16C7B2B}.Release|x64.Build.0 = Release|x64
	EndGlobalSection
	GlobalSection(SolutionProperties) = preSolution
		HideSolutionNode = FALSE
	EndGlobalSection
EndGlobal
